
Microsoft Visual Studio Solution File, Format Version 12.00
# Visual Studio Version 17
VisualStudioVersion = 17.12.35521.163 d17.12
MinimumVisualStudioVersion = 10.0.40219.1
Project("{FAE04EC0-301F-11D3-BF4B-00C04F79EFBC}") = "AdvancedCalculator", "AdvancedCalculator\AdvancedCalculator.csproj", "{DA67D083-ED57-4C65-B317-00FFFD5598EA}"
EndProject
Global
	GlobalSection(SolutionConfigurationPlatforms) = preSolution
		Debug|Any CPU = Debug|Any CPU
		Release|Any CPU = Release|Any CPU
	EndGlobalSection
	GlobalSection(ProjectConfigurationPlatforms) = postSolution
		{DA67D083-ED57-4C65-B317-00FFFD5598EA}.Debug|Any CPU.ActiveCfg = Debug|Any CPU
		{DA67D083-ED57-4C65-B317-00FFFD5598EA}.Debug|Any CPU.Build.0 = Debug|Any CPU
		{DA67D083-ED57-4C65-B317-00FFFD5598EA}.Release|Any CPU.ActiveCfg = Release|Any CPU
		{DA67D083-ED57-4C65-B317-00FFFD5598EA}.Release|Any CPU.Build.0 = Release|Any CPU
	EndGlobalSection
	GlobalSection(SolutionProperties) = preSolution
		HideSolutionNode = FALSE
	EndGlobalSection
EndGlobal
